
Microsoft Visual Studio Solution File, Format Version 12.00
# Visual Studio Version 17
VisualStudioVersion = 17.3.32901.215
MinimumVisualStudioVersion = 10.0.40219.1
Project("{FAE04EC0-301F-11D3-BF4B-00C04F79EFBC}") = "alımsatım", "alımsatım\alımsatım.csproj", "{347C84E1-8EF1-4CDF-AF9B-0BCED20748D0}"
EndProject
Global
	GlobalSection(SolutionConfigurationPlatforms) = preSolution
		Debug|Any CPU = Debug|Any CPU
		Release|Any CPU = Release|Any CPU
	EndGlobalSection
	GlobalSection(ProjectConfigurationPlatforms) = postSolution
		{347C84E1-8EF1-4CDF-AF9B-0BCED20748D0}.Debug|Any CPU.ActiveCfg = Debug|Any CPU
		{347C84E1-8EF1-4CDF-AF9B-0BCED20748D0}.Debug|Any CPU.Build.0 = Debug|Any CPU
		{347C84E1-8EF1-4CDF-AF9B-0BCED20748D0}.Release|Any CPU.ActiveCfg = Release|Any CPU
		{347C84E1-8EF1-4CDF-AF9B-0BCED20748D0}.Release|Any CPU.Build.0 = Release|Any CPU
	EndGlobalSection
	GlobalSection(SolutionProperties) = preSolution
		HideSolutionNode = FALSE
	EndGlobalSection
	GlobalSection(ExtensibilityGlobals) = postSolution
		SolutionGuid = {E580621F-8278-4F98-94DD-9638C6904B99}
	EndGlobalSection
EndGlobal
